
Microsoft Visual Studio Solution File, Format Version 12.00
# Visual Studio 2012
Project("{8BC9CEB8-8B4A-11D0-8D11-00A0C91BC942}") = "055-Jump Game", "055-Jump Game\055-Jump Game.vcxproj", "{F2BFF5EE-7560-423D-B0F7-503A9C005464}"
EndProject
Global
	GlobalSection(SolutionConfigurationPlatforms) = preSolution
		Debug|Win32 = Debug|Win32
		Release|Win32 = Release|Win32
	EndGlobalSection
	GlobalSection(ProjectConfigurationPlatforms) = postSolution
		{F2BFF5EE-7560-423D-B0F7-503A9C005464}.Debug|Win32.ActiveCfg = Debug|Win32
		{F2BFF5EE-7560-423D-B0F7-503A9C005464}.Debug|Win32.Build.0 = Debug|Win32
		{F2BFF5EE-7560-423D-B0F7-503A9C005464}.Release|Win32.ActiveCfg = Release|Win32
		{F2BFF5EE-7560-423D-B0F7-503A9C005464}.Release|Win32.Build.0 = Release|Win32
	EndGlobalSection
	GlobalSection(SolutionProperties) = preSolution
		HideSolutionNode = FALSE
	EndGlobalSection
EndGlobal
