
Microsoft Visual Studio Solution File, Format Version 12.00
# Visual Studio 2012
Project("{8BC9CEB8-8B4A-11D0-8D11-00A0C91BC942}") = "238-Product of Array Except Self", "238-Product of Array Except Self\238-Product of Array Except Self.vcxproj", "{36EC5FD7-F333-4C09-BF84-A88330C0A847}"
EndProject
Global
	GlobalSection(SolutionConfigurationPlatforms) = preSolution
		Debug|Win32 = Debug|Win32
		Release|Win32 = Release|Win32
	EndGlobalSection
	GlobalSection(ProjectConfigurationPlatforms) = postSolution
		{36EC5FD7-F333-4C09-BF84-A88330C0A847}.Debug|Win32.ActiveCfg = Debug|Win32
		{36EC5FD7-F333-4C09-BF84-A88330C0A847}.Debug|Win32.Build.0 = Debug|Win32
		{36EC5FD7-F333-4C09-BF84-A88330C0A847}.Release|Win32.ActiveCfg = Release|Win32
		{36EC5FD7-F333-4C09-BF84-A88330C0A847}.Release|Win32.Build.0 = Release|Win32
	EndGlobalSection
	GlobalSection(SolutionProperties) = preSolution
		HideSolutionNode = FALSE
	EndGlobalSection
EndGlobal
