
Microsoft Visual Studio Solution File, Format Version 12.00
# Visual Studio 2012
Project("{8BC9CEB8-8B4A-11D0-8D11-00A0C91BC942}") = "234-Palindrome Linked List", "234-Palindrome Linked List\234-Palindrome Linked List.vcxproj", "{23807CBC-9CCA-406D-B3CE-D362E0E00ED2}"
EndProject
Global
	GlobalSection(SolutionConfigurationPlatforms) = preSolution
		Debug|Win32 = Debug|Win32
		Release|Win32 = Release|Win32
	EndGlobalSection
	GlobalSection(ProjectConfigurationPlatforms) = postSolution
		{23807CBC-9CCA-406D-B3CE-D362E0E00ED2}.Debug|Win32.ActiveCfg = Debug|Win32
		{23807CBC-9CCA-406D-B3CE-D362E0E00ED2}.Debug|Win32.Build.0 = Debug|Win32
		{23807CBC-9CCA-406D-B3CE-D362E0E00ED2}.Release|Win32.ActiveCfg = Release|Win32
		{23807CBC-9CCA-406D-B3CE-D362E0E00ED2}.Release|Win32.Build.0 = Release|Win32
	EndGlobalSection
	GlobalSection(SolutionProperties) = preSolution
		HideSolutionNode = FALSE
	EndGlobalSection
EndGlobal
