
Microsoft Visual Studio Solution File, Format Version 12.00
# Visual Studio 2012
Project("{8BC9CEB8-8B4A-11D0-8D11-00A0C91BC942}") = "079-Word Search", "079-Word Search\079-Word Search.vcxproj", "{34528D8A-531A-4561-84C7-D8E49176CD1A}"
EndProject
Global
	GlobalSection(SolutionConfigurationPlatforms) = preSolution
		Debug|Win32 = Debug|Win32
		Release|Win32 = Release|Win32
	EndGlobalSection
	GlobalSection(ProjectConfigurationPlatforms) = postSolution
		{34528D8A-531A-4561-84C7-D8E49176CD1A}.Debug|Win32.ActiveCfg = Debug|Win32
		{34528D8A-531A-4561-84C7-D8E49176CD1A}.Debug|Win32.Build.0 = Debug|Win32
		{34528D8A-531A-4561-84C7-D8E49176CD1A}.Release|Win32.ActiveCfg = Release|Win32
		{34528D8A-531A-4561-84C7-D8E49176CD1A}.Release|Win32.Build.0 = Release|Win32
	EndGlobalSection
	GlobalSection(SolutionProperties) = preSolution
		HideSolutionNode = FALSE
	EndGlobalSection
EndGlobal
