
Microsoft Visual Studio Solution File, Format Version 12.00
# Visual Studio 2012
Project("{8BC9CEB8-8B4A-11D0-8D11-00A0C91BC942}") = "142-Linked List Cycle II", "142-Linked List Cycle II\142-Linked List Cycle II.vcxproj", "{FF22A33C-442E-41C5-B9BF-DEB949EF3648}"
EndProject
Global
	GlobalSection(SolutionConfigurationPlatforms) = preSolution
		Debug|Win32 = Debug|Win32
		Release|Win32 = Release|Win32
	EndGlobalSection
	GlobalSection(ProjectConfigurationPlatforms) = postSolution
		{FF22A33C-442E-41C5-B9BF-DEB949EF3648}.Debug|Win32.ActiveCfg = Debug|Win32
		{FF22A33C-442E-41C5-B9BF-DEB949EF3648}.Debug|Win32.Build.0 = Debug|Win32
		{FF22A33C-442E-41C5-B9BF-DEB949EF3648}.Release|Win32.ActiveCfg = Release|Win32
		{FF22A33C-442E-41C5-B9BF-DEB949EF3648}.Release|Win32.Build.0 = Release|Win32
	EndGlobalSection
	GlobalSection(SolutionProperties) = preSolution
		HideSolutionNode = FALSE
	EndGlobalSection
EndGlobal
