
Microsoft Visual Studio Solution File, Format Version 12.00
# Visual Studio 2012
Project("{8BC9CEB8-8B4A-11D0-8D11-00A0C91BC942}") = "565-Array Nesting", "565-Array Nesting\565-Array Nesting.vcxproj", "{C1E7814B-29C0-4622-BB09-115E6A5BF48B}"
EndProject
Global
	GlobalSection(SolutionConfigurationPlatforms) = preSolution
		Debug|Win32 = Debug|Win32
		Release|Win32 = Release|Win32
	EndGlobalSection
	GlobalSection(ProjectConfigurationPlatforms) = postSolution
		{C1E7814B-29C0-4622-BB09-115E6A5BF48B}.Debug|Win32.ActiveCfg = Debug|Win32
		{C1E7814B-29C0-4622-BB09-115E6A5BF48B}.Debug|Win32.Build.0 = Debug|Win32
		{C1E7814B-29C0-4622-BB09-115E6A5BF48B}.Release|Win32.ActiveCfg = Release|Win32
		{C1E7814B-29C0-4622-BB09-115E6A5BF48B}.Release|Win32.Build.0 = Release|Win32
	EndGlobalSection
	GlobalSection(SolutionProperties) = preSolution
		HideSolutionNode = FALSE
	EndGlobalSection
EndGlobal
