
Microsoft Visual Studio Solution File, Format Version 12.00
# Visual Studio 2012
Project("{8BC9CEB8-8B4A-11D0-8D11-00A0C91BC942}") = "A03-Cross Route", "A03-Cross Route\A03-Cross Route.vcxproj", "{B61B032A-54C0-4BB6-AC12-5E48F0640504}"
EndProject
Global
	GlobalSection(SolutionConfigurationPlatforms) = preSolution
		Debug|Win32 = Debug|Win32
		Release|Win32 = Release|Win32
	EndGlobalSection
	GlobalSection(ProjectConfigurationPlatforms) = postSolution
		{B61B032A-54C0-4BB6-AC12-5E48F0640504}.Debug|Win32.ActiveCfg = Debug|Win32
		{B61B032A-54C0-4BB6-AC12-5E48F0640504}.Debug|Win32.Build.0 = Debug|Win32
		{B61B032A-54C0-4BB6-AC12-5E48F0640504}.Release|Win32.ActiveCfg = Release|Win32
		{B61B032A-54C0-4BB6-AC12-5E48F0640504}.Release|Win32.Build.0 = Release|Win32
	EndGlobalSection
	GlobalSection(SolutionProperties) = preSolution
		HideSolutionNode = FALSE
	EndGlobalSection
EndGlobal
