
Microsoft Visual Studio Solution File, Format Version 12.00
# Visual Studio 2012
Project("{8BC9CEB8-8B4A-11D0-8D11-00A0C91BC942}") = "104-Maximum Depth of Binary Tree", "104-Maximum Depth of Binary Tree\104-Maximum Depth of Binary Tree.vcxproj", "{290E76DC-0547-4C4A-940D-43FC132C4CE9}"
EndProject
Global
	GlobalSection(SolutionConfigurationPlatforms) = preSolution
		Debug|Win32 = Debug|Win32
		Release|Win32 = Release|Win32
	EndGlobalSection
	GlobalSection(ProjectConfigurationPlatforms) = postSolution
		{290E76DC-0547-4C4A-940D-43FC132C4CE9}.Debug|Win32.ActiveCfg = Debug|Win32
		{290E76DC-0547-4C4A-940D-43FC132C4CE9}.Debug|Win32.Build.0 = Debug|Win32
		{290E76DC-0547-4C4A-940D-43FC132C4CE9}.Release|Win32.ActiveCfg = Release|Win32
		{290E76DC-0547-4C4A-940D-43FC132C4CE9}.Release|Win32.Build.0 = Release|Win32
	EndGlobalSection
	GlobalSection(SolutionProperties) = preSolution
		HideSolutionNode = FALSE
	EndGlobalSection
EndGlobal
