
Microsoft Visual Studio Solution File, Format Version 12.00
# Visual Studio 2012
Project("{8BC9CEB8-8B4A-11D0-8D11-00A0C91BC942}") = "283-Move Zeroes", "283-Move Zeroes\283-Move Zeroes.vcxproj", "{4297DAAD-3CAA-4AE4-8922-29BDFE752D89}"
EndProject
Global
	GlobalSection(SolutionConfigurationPlatforms) = preSolution
		Debug|Win32 = Debug|Win32
		Release|Win32 = Release|Win32
	EndGlobalSection
	GlobalSection(ProjectConfigurationPlatforms) = postSolution
		{4297DAAD-3CAA-4AE4-8922-29BDFE752D89}.Debug|Win32.ActiveCfg = Debug|Win32
		{4297DAAD-3CAA-4AE4-8922-29BDFE752D89}.Debug|Win32.Build.0 = Debug|Win32
		{4297DAAD-3CAA-4AE4-8922-29BDFE752D89}.Release|Win32.ActiveCfg = Release|Win32
		{4297DAAD-3CAA-4AE4-8922-29BDFE752D89}.Release|Win32.Build.0 = Release|Win32
	EndGlobalSection
	GlobalSection(SolutionProperties) = preSolution
		HideSolutionNode = FALSE
	EndGlobalSection
EndGlobal
