
Microsoft Visual Studio Solution File, Format Version 12.00
# Visual Studio 2012
Project("{8BC9CEB8-8B4A-11D0-8D11-00A0C91BC942}") = "207-Course Schedule", "207-Course Schedule\207-Course Schedule.vcxproj", "{DAAE18D1-D6F6-4060-905C-423C8D450E8D}"
EndProject
Global
	GlobalSection(SolutionConfigurationPlatforms) = preSolution
		Debug|Win32 = Debug|Win32
		Release|Win32 = Release|Win32
	EndGlobalSection
	GlobalSection(ProjectConfigurationPlatforms) = postSolution
		{DAAE18D1-D6F6-4060-905C-423C8D450E8D}.Debug|Win32.ActiveCfg = Debug|Win32
		{DAAE18D1-D6F6-4060-905C-423C8D450E8D}.Debug|Win32.Build.0 = Debug|Win32
		{DAAE18D1-D6F6-4060-905C-423C8D450E8D}.Release|Win32.ActiveCfg = Release|Win32
		{DAAE18D1-D6F6-4060-905C-423C8D450E8D}.Release|Win32.Build.0 = Release|Win32
	EndGlobalSection
	GlobalSection(SolutionProperties) = preSolution
		HideSolutionNode = FALSE
	EndGlobalSection
EndGlobal
