
Microsoft Visual Studio Solution File, Format Version 12.00
# Visual Studio 2012
Project("{8BC9CEB8-8B4A-11D0-8D11-00A0C91BC942}") = "463-Island Perimeter", "463-Island Perimeter\463-Island Perimeter.vcxproj", "{4FD1411D-2D89-4630-A684-DF3949FD75E1}"
EndProject
Global
	GlobalSection(SolutionConfigurationPlatforms) = preSolution
		Debug|Win32 = Debug|Win32
		Release|Win32 = Release|Win32
	EndGlobalSection
	GlobalSection(ProjectConfigurationPlatforms) = postSolution
		{4FD1411D-2D89-4630-A684-DF3949FD75E1}.Debug|Win32.ActiveCfg = Debug|Win32
		{4FD1411D-2D89-4630-A684-DF3949FD75E1}.Debug|Win32.Build.0 = Debug|Win32
		{4FD1411D-2D89-4630-A684-DF3949FD75E1}.Release|Win32.ActiveCfg = Release|Win32
		{4FD1411D-2D89-4630-A684-DF3949FD75E1}.Release|Win32.Build.0 = Release|Win32
	EndGlobalSection
	GlobalSection(SolutionProperties) = preSolution
		HideSolutionNode = FALSE
	EndGlobalSection
EndGlobal
