
Microsoft Visual Studio Solution File, Format Version 12.00
# Visual Studio 2012
Project("{8BC9CEB8-8B4A-11D0-8D11-00A0C91BC942}") = "560-Subarray Sum Equals K", "560-Subarray Sum Equals K\560-Subarray Sum Equals K.vcxproj", "{D9E5EF98-9B56-488F-B270-3FC3E544BD74}"
EndProject
Global
	GlobalSection(SolutionConfigurationPlatforms) = preSolution
		Debug|Win32 = Debug|Win32
		Release|Win32 = Release|Win32
	EndGlobalSection
	GlobalSection(ProjectConfigurationPlatforms) = postSolution
		{D9E5EF98-9B56-488F-B270-3FC3E544BD74}.Debug|Win32.ActiveCfg = Debug|Win32
		{D9E5EF98-9B56-488F-B270-3FC3E544BD74}.Debug|Win32.Build.0 = Debug|Win32
		{D9E5EF98-9B56-488F-B270-3FC3E544BD74}.Release|Win32.ActiveCfg = Release|Win32
		{D9E5EF98-9B56-488F-B270-3FC3E544BD74}.Release|Win32.Build.0 = Release|Win32
	EndGlobalSection
	GlobalSection(SolutionProperties) = preSolution
		HideSolutionNode = FALSE
	EndGlobalSection
EndGlobal
