
Microsoft Visual Studio Solution File, Format Version 12.00
# Visual Studio 2012
Project("{8BC9CEB8-8B4A-11D0-8D11-00A0C91BC942}") = "155-Min Stack", "155-Min Stack\155-Min Stack.vcxproj", "{442216BC-B574-47BD-987F-D3613D28AFFF}"
EndProject
Global
	GlobalSection(SolutionConfigurationPlatforms) = preSolution
		Debug|Win32 = Debug|Win32
		Release|Win32 = Release|Win32
	EndGlobalSection
	GlobalSection(ProjectConfigurationPlatforms) = postSolution
		{442216BC-B574-47BD-987F-D3613D28AFFF}.Debug|Win32.ActiveCfg = Debug|Win32
		{442216BC-B574-47BD-987F-D3613D28AFFF}.Debug|Win32.Build.0 = Debug|Win32
		{442216BC-B574-47BD-987F-D3613D28AFFF}.Release|Win32.ActiveCfg = Release|Win32
		{442216BC-B574-47BD-987F-D3613D28AFFF}.Release|Win32.Build.0 = Release|Win32
	EndGlobalSection
	GlobalSection(SolutionProperties) = preSolution
		HideSolutionNode = FALSE
	EndGlobalSection
EndGlobal
