
Microsoft Visual Studio Solution File, Format Version 12.00
# Visual Studio 2012
Project("{8BC9CEB8-8B4A-11D0-8D11-00A0C91BC942}") = "282-Expression Add Operators", "282-Expression Add Operators\282-Expression Add Operators.vcxproj", "{0305E028-881B-4439-B4DF-B487E760A589}"
EndProject
Global
	GlobalSection(SolutionConfigurationPlatforms) = preSolution
		Debug|Win32 = Debug|Win32
		Release|Win32 = Release|Win32
	EndGlobalSection
	GlobalSection(ProjectConfigurationPlatforms) = postSolution
		{0305E028-881B-4439-B4DF-B487E760A589}.Debug|Win32.ActiveCfg = Debug|Win32
		{0305E028-881B-4439-B4DF-B487E760A589}.Debug|Win32.Build.0 = Debug|Win32
		{0305E028-881B-4439-B4DF-B487E760A589}.Release|Win32.ActiveCfg = Release|Win32
		{0305E028-881B-4439-B4DF-B487E760A589}.Release|Win32.Build.0 = Release|Win32
	EndGlobalSection
	GlobalSection(SolutionProperties) = preSolution
		HideSolutionNode = FALSE
	EndGlobalSection
EndGlobal
