
Microsoft Visual Studio Solution File, Format Version 12.00
# Visual Studio 2012
Project("{8BC9CEB8-8B4A-11D0-8D11-00A0C91BC942}") = "062-Unique Paths", "062-Unique Paths\062-Unique Paths.vcxproj", "{C430208F-388D-43B4-92B7-0F088A70CFCB}"
EndProject
Global
	GlobalSection(SolutionConfigurationPlatforms) = preSolution
		Debug|Win32 = Debug|Win32
		Release|Win32 = Release|Win32
	EndGlobalSection
	GlobalSection(ProjectConfigurationPlatforms) = postSolution
		{C430208F-388D-43B4-92B7-0F088A70CFCB}.Debug|Win32.ActiveCfg = Debug|Win32
		{C430208F-388D-43B4-92B7-0F088A70CFCB}.Debug|Win32.Build.0 = Debug|Win32
		{C430208F-388D-43B4-92B7-0F088A70CFCB}.Release|Win32.ActiveCfg = Release|Win32
		{C430208F-388D-43B4-92B7-0F088A70CFCB}.Release|Win32.Build.0 = Release|Win32
	EndGlobalSection
	GlobalSection(SolutionProperties) = preSolution
		HideSolutionNode = FALSE
	EndGlobalSection
EndGlobal
