
Microsoft Visual Studio Solution File, Format Version 12.00
# Visual Studio 2012
Project("{8BC9CEB8-8B4A-11D0-8D11-00A0C91BC942}") = "152-Maximum Product Subarray", "152-Maximum Product Subarray\152-Maximum Product Subarray.vcxproj", "{EEBF0FBE-2CDE-437A-BD5A-FA40A6D3723A}"
EndProject
Global
	GlobalSection(SolutionConfigurationPlatforms) = preSolution
		Debug|Win32 = Debug|Win32
		Release|Win32 = Release|Win32
	EndGlobalSection
	GlobalSection(ProjectConfigurationPlatforms) = postSolution
		{EEBF0FBE-2CDE-437A-BD5A-FA40A6D3723A}.Debug|Win32.ActiveCfg = Debug|Win32
		{EEBF0FBE-2CDE-437A-BD5A-FA40A6D3723A}.Debug|Win32.Build.0 = Debug|Win32
		{EEBF0FBE-2CDE-437A-BD5A-FA40A6D3723A}.Release|Win32.ActiveCfg = Release|Win32
		{EEBF0FBE-2CDE-437A-BD5A-FA40A6D3723A}.Release|Win32.Build.0 = Release|Win32
	EndGlobalSection
	GlobalSection(SolutionProperties) = preSolution
		HideSolutionNode = FALSE
	EndGlobalSection
EndGlobal
