
Microsoft Visual Studio Solution File, Format Version 12.00
# Visual Studio 2012
Project("{8BC9CEB8-8B4A-11D0-8D11-00A0C91BC942}") = "022-Generate Parentheses", "022-Generate Parentheses\022-Generate Parentheses.vcxproj", "{C463BD85-3CF9-404D-BB47-B708C95B8283}"
EndProject
Global
	GlobalSection(SolutionConfigurationPlatforms) = preSolution
		Debug|Win32 = Debug|Win32
		Release|Win32 = Release|Win32
	EndGlobalSection
	GlobalSection(ProjectConfigurationPlatforms) = postSolution
		{C463BD85-3CF9-404D-BB47-B708C95B8283}.Debug|Win32.ActiveCfg = Debug|Win32
		{C463BD85-3CF9-404D-BB47-B708C95B8283}.Debug|Win32.Build.0 = Debug|Win32
		{C463BD85-3CF9-404D-BB47-B708C95B8283}.Release|Win32.ActiveCfg = Release|Win32
		{C463BD85-3CF9-404D-BB47-B708C95B8283}.Release|Win32.Build.0 = Release|Win32
	EndGlobalSection
	GlobalSection(SolutionProperties) = preSolution
		HideSolutionNode = FALSE
	EndGlobalSection
EndGlobal
