
Microsoft Visual Studio Solution File, Format Version 12.00
# Visual Studio 2012
Project("{8BC9CEB8-8B4A-11D0-8D11-00A0C91BC942}") = "160-Intersection of Two Linked Lists", "160-Intersection of Two Linked Lists\160-Intersection of Two Linked Lists.vcxproj", "{6550613B-7669-4B98-A19F-098A1BD3D205}"
EndProject
Global
	GlobalSection(SolutionConfigurationPlatforms) = preSolution
		Debug|Win32 = Debug|Win32
		Release|Win32 = Release|Win32
	EndGlobalSection
	GlobalSection(ProjectConfigurationPlatforms) = postSolution
		{6550613B-7669-4B98-A19F-098A1BD3D205}.Debug|Win32.ActiveCfg = Debug|Win32
		{6550613B-7669-4B98-A19F-098A1BD3D205}.Debug|Win32.Build.0 = Debug|Win32
		{6550613B-7669-4B98-A19F-098A1BD3D205}.Release|Win32.ActiveCfg = Release|Win32
		{6550613B-7669-4B98-A19F-098A1BD3D205}.Release|Win32.Build.0 = Release|Win32
	EndGlobalSection
	GlobalSection(SolutionProperties) = preSolution
		HideSolutionNode = FALSE
	EndGlobalSection
EndGlobal
